
Microsoft Visual Studio Solution File, Format Version 12.00
# Visual Studio Version 17
VisualStudioVersion = 17.8.34511.84
MinimumVisualStudioVersion = 10.0.40219.1
Project("{FAE04EC0-301F-11D3-BF4B-00C04F79EFBC}") = "ServerManager", "ServerManager\ServerManager.csproj", "{95A52882-D553-460E-BCF1-374A47E5C9BD}"
EndProject
Global
	GlobalSection(SolutionConfigurationPlatforms) = preSolution
		Debug|Any CPU = Debug|Any CPU
		Debug|x64 = Debug|x64
		Release|Any CPU = Release|Any CPU
		Release|x64 = Release|x64
	EndGlobalSection
	GlobalSection(ProjectConfigurationPlatforms) = postSolution
		{95A52882-D553-460E-BCF1-374A47E5C9BD}.Debug|Any CPU.ActiveCfg = Debug|Any CPU
		{95A52882-D553-460E-BCF1-374A47E5C9BD}.Debug|Any CPU.Build.0 = Debug|Any CPU
		{95A52882-D553-460E-BCF1-374A47E5C9BD}.Debug|x64.ActiveCfg = Debug|x64
		{95A52882-D553-460E-BCF1-374A47E5C9BD}.Debug|x64.Build.0 = Debug|x64
		{95A52882-D553-460E-BCF1-374A47E5C9BD}.Release|Any CPU.ActiveCfg = Release|Any CPU
		{95A52882-D553-460E-BCF1-374A47E5C9BD}.Release|Any CPU.Build.0 = Release|Any CPU
		{95A52882-D553-460E-BCF1-374A47E5C9BD}.Release|x64.ActiveCfg = Release|x64
		{95A52882-D553-460E-BCF1-374A47E5C9BD}.Release|x64.Build.0 = Release|x64
	EndGlobalSection
	GlobalSection(SolutionProperties) = preSolution
		HideSolutionNode = FALSE
	EndGlobalSection
	GlobalSection(ExtensibilityGlobals) = postSolution
		SolutionGuid = {7A42A164-0764-48D9-8A83-CA14658C27AA}
	EndGlobalSection
EndGlobal
